
Microsoft Visual Studio Solution File, Format Version 12.00
# Visual Studio 15
VisualStudioVersion = 15.0.27130.2010
MinimumVisualStudioVersion = 10.0.40219.1
Project("{8BC9CEB8-8B4A-11D0-8D11-00A0C91BC942}") = "HelloWorld", "HelloWorld\HelloWorld.vcxproj", "{257E4470-F3DF-4768-B6BB-A09E72C31399}"
EndProject
Global
	GlobalSection(SolutionConfigurationPlatforms) = preSolution
		Debug|x64 = Debug|x64
		Debug|x86 = Debug|x86
		Release|x64 = Release|x64
		Release|x86 = Release|x86
	EndGlobalSection
	GlobalSection(ProjectConfigurationPlatforms) = postSolution
		{257E4470-F3DF-4768-B6BB-A09E72C31399}.Debug|x64.ActiveCfg = Debug|x64
		{257E4470-F3DF-4768-B6BB-A09E72C31399}.Debug|x64.Build.0 = Debug|x64
		{257E4470-F3DF-4768-B6BB-A09E72C31399}.Debug|x86.ActiveCfg = Debug|Win32
		{257E4470-F3DF-4768-B6BB-A09E72C31399}.Debug|x86.Build.0 = Debug|Win32
		{257E4470-F3DF-4768-B6BB-A09E72C31399}.Release|x64.ActiveCfg = Release|x64
		{257E4470-F3DF-4768-B6BB-A09E72C31399}.Release|x64.Build.0 = Release|x64
		{257E4470-F3DF-4768-B6BB-A09E72C31399}.Release|x86.ActiveCfg = Release|Win32
		{257E4470-F3DF-4768-B6BB-A09E72C31399}.Release|x86.Build.0 = Release|Win32
	EndGlobalSection
	GlobalSection(SolutionProperties) = preSolution
		HideSolutionNode = FALSE
	EndGlobalSection
	GlobalSection(ExtensibilityGlobals) = postSolution
		SolutionGuid = {FB798993-A0DE-4148-B763-EBF3D7E91478}
	EndGlobalSection
EndGlobal
